PODS:
  - react-native-fetch-blob (0.10.6):
    - React/Core
  - React/Core (0.11.0)

DEPENDENCIES:
  - react-native-fetch-blob (from `../node_modules/react-native-fetch-blob`)

EXTERNAL SOURCES:
  react-native-fetch-blob:
    :path: ../node_modules/react-native-fetch-blob

SPEC CHECKSUMS:
  React: ab1a2e21deb34965c38328d5ec40cc7d12c6050a
  react-native-fetch-blob: 2bef9be702de8726f4d7bf58d2345579aaaee60d

PODFILE CHECKSUM: d164f12be795cd3f8427fde56b4a82d7fad244b8

COCOAPODS: 1.3.1
